
Microsoft Visual Studio Solution File, Format Version 12.00
# Visual Studio Version 16
VisualStudioVersion = 16.0.30406.217
MinimumVisualStudioVersion = 10.0.40219.1
Project("{FAE04EC0-301F-11D3-BF4B-00C04F79EFBC}") = "carPricerTestFramework", "carPricerTestFramework.csproj", "{207886AD-CD55-4EDF-91D5-8B7B2EBEC658}"
EndProject
Global
	GlobalSection(SolutionConfigurationPlatforms) = preSolution
		Debug|Any CPU = Debug|Any CPU
		Release|Any CPU = Release|Any CPU
	EndGlobalSection
	GlobalSection(ProjectConfigurationPlatforms) = postSolution
		{207886AD-CD55-4EDF-91D5-8B7B2EBEC658}.Debug|Any CPU.ActiveCfg = Debug|Any CPU
		{207886AD-CD55-4EDF-91D5-8B7B2EBEC658}.Debug|Any CPU.Build.0 = Debug|Any CPU
		{207886AD-CD55-4EDF-91D5-8B7B2EBEC658}.Release|Any CPU.ActiveCfg = Release|Any CPU
		{207886AD-CD55-4EDF-91D5-8B7B2EBEC658}.Release|Any CPU.Build.0 = Release|Any CPU
	EndGlobalSection
	GlobalSection(SolutionProperties) = preSolution
		HideSolutionNode = FALSE
	EndGlobalSection
	GlobalSection(ExtensibilityGlobals) = postSolution
		SolutionGuid = {91851A47-18E2-4963-A340-8DA7E05DFFC0}
	EndGlobalSection
EndGlobal
